// !$*UTF8*$!
{
	archiveVersion = 1;
	classes = {
	};
	objectVersion = 46;
	objects = {

/* Begin PBXBuildFile section */
		3AD1295B1F261F8800FBB644 /* Person.m in Sources */ = {isa = PBXBuildFile; fileRef = 3AD1295A1F261F8800FBB644 /* Person.m */; };
		3AE8A6A51F219D720065E2A0 /* main.m in Sources */ = {isa = PBXBuildFile; fileRef = 3AE8A6A41F219D720065E2A0 /* main.m */; };
		3AE8A6A81F219D720065E2A0 /* AppDelegate.m in Sources */ = {isa = PBXBuildFile; fileRef = 3AE8A6A71F219D720065E2A0 /* AppDelegate.m */; };
		3AE8A6AB1F219D720065E2A0 /* ViewController.m in Sources */ = {isa = PBXBuildFile; fileRef = 3AE8A6AA1F219D720065E2A0 /* ViewController.m */; };
		3AE8A6AE1F219D720065E2A0 /* Main.storyboard in Resources */ = {isa = PBXBuildFile; fileRef = 3AE8A6AC1F219D720065E2A0 /* Main.storyboard */; };
		3AE8A6B01F219D720065E2A0 /* Assets.xcassets in Resources */ = {isa = PBXBuildFile; fileRef = 3AE8A6AF1F219D720065E2A0 /* Assets.xcassets */; };
		3AE8A6B31F219D720065E2A0 /* LaunchScreen.storyboard in Resources */ = {isa = PBXBuildFile; fileRef = 3AE8A6B11F219D720065E2A0 /* LaunchScreen.storyboard */; };
		3AE8A6BE1F219D720065E2A0 /* RunLoopTests.m in Sources */ = {isa = PBXBuildFile; fileRef = 3AE8A6BD1F219D720065E2A0 /* RunLoopTests.m */; };
		3AE8A6C91F219D720065E2A0 /* RunLoopUITests.m in Sources */ = {isa = PBXBuildFile; fileRef = 3AE8A6C81F219D720065E2A0 /* RunLoopUITests.m */; };
		D8BDEE7951D9E6411A0AC5D1 /* libPods-RunLoop.a in Frameworks */ = {isa = PBXBuildFile; fileRef = 6439C562D21FABA51793603E /* libPods-RunLoop.a */; };
/* End PBXBuildFile section */

/* Begin PBXContainerItemProxy section */
		3AE8A6BA1F219D720065E2A0 /* PBXContainerItemProxy */ = {
			isa = PBXContainerItemProxy;
			containerPortal = 3AE8A6981F219D720065E2A0 /* Project object */;
			proxyType = 1;
			remoteGlobalIDString = 3AE8A69F1F219D720065E2A0;
			remoteInfo = RunLoop;
		};
		3AE8A6C51F219D720065E2A0 /* PBXContainerItemProxy */ = {
			isa = PBXContainerItemProxy;
			containerPortal = 3AE8A6981F219D720065E2A0 /* Project object */;
			proxyType = 1;
			remoteGlobalIDString = 3AE8A69F1F219D720065E2A0;
			remoteInfo = RunLoop;
		};
/* End PBXContainerItemProxy section */

/* Begin PBXFileReference section */
		3AD129591F261F8800FBB644 /* Person.h */ = {isa = PBXFileReference; fileEncoding = 4; lastKnownFileType = sourcecode.c.h; path = Person.h; sourceTree = "<group>"; };
		3AD1295A1F261F8800FBB644 /* Person.m */ = {isa = PBXFileReference; fileEncoding = 4; lastKnownFileType = sourcecode.c.objc; path = Person.m; sourceTree = "<group>"; };
		3AE8A6A01F219D720065E2A0 /* RunLoop.app */ = {isa = PBXFileReference; explicitFileType = wrapper.application; includeInIndex = 0; path = RunLoop.app; sourceTree = BUILT_PRODUCTS_DIR; };
		3AE8A6A41F219D720065E2A0 /* main.m */ = {isa = PBXFileReference; lastKnownFileType = sourcecode.c.objc; path = main.m; sourceTree = "<group>"; };
		3AE8A6A61F219D720065E2A0 /* AppDelegate.h */ = {isa = PBXFileReference; lastKnownFileType = sourcecode.c.h; path = AppDelegate.h; sourceTree = "<group>"; };
		3AE8A6A71F219D720065E2A0 /* AppDelegate.m */ = {isa = PBXFileReference; lastKnownFileType = sourcecode.c.objc; path = AppDelegate.m; sourceTree = "<group>"; };
		3AE8A6A91F219D720065E2A0 /* ViewController.h */ = {isa = PBXFileReference; lastKnownFileType = sourcecode.c.h; path = ViewController.h; sourceTree = "<group>"; };
		3AE8A6AA1F219D720065E2A0 /* ViewController.m */ = {isa = PBXFileReference; lastKnownFileType = sourcecode.c.objc; path = ViewController.m; sourceTree = "<group>"; };
		3AE8A6AD1F219D720065E2A0 /* Base */ = {isa = PBXFileReference; lastKnownFileType = file.storyboard; name = Base; path = Base.lproj/Main.storyboard; sourceTree = "<group>"; };
		3AE8A6AF1F219D720065E2A0 /* Assets.xcassets */ = {isa = PBXFileReference; lastKnownFileType = folder.assetcatalog; path = Assets.xcassets; sourceTree = "<group>"; };
		3AE8A6B21F219D720065E2A0 /* Base */ = {isa = PBXFileReference; lastKnownFileType = file.storyboard; name = Base; path = Base.lproj/LaunchScreen.storyboard; sourceTree = "<group>"; };
		3AE8A6B41F219D720065E2A0 /* Info.plist */ = {isa = PBXFileReference; lastKnownFileType = text.plist.xml; path = Info.plist; sourceTree = "<group>"; };
		3AE8A6B91F219D720065E2A0 /* RunLoopTests.xctest */ = {isa = PBXFileReference; explicitFileType = wrapper.cfbundle; includeInIndex = 0; path = RunLoopTests.xctest; sourceTree = BUILT_PRODUCTS_DIR; };
		3AE8A6BD1F219D720065E2A0 /* RunLoopTests.m */ = {isa = PBXFileReference; lastKnownFileType = sourcecode.c.objc; path = RunLoopTests.m; sourceTree = "<group>"; };
		3AE8A6BF1F219D720065E2A0 /* Info.plist */ = {isa = PBXFileReference; lastKnownFileType = text.plist.xml; path = Info.plist; sourceTree = "<group>"; };
		3AE8A6C41F219D720065E2A0 /* RunLoopUITests.xctest */ = {isa = PBXFileReference; explicitFileType = wrapper.cfbundle; includeInIndex = 0; path = RunLoopUITests.xctest; sourceTree = BUILT_PRODUCTS_DIR; };
		3AE8A6C81F219D720065E2A0 /* RunLoopUITests.m */ = {isa = PBXFileReference; lastKnownFileType = sourcecode.c.objc; path = RunLoopUITests.m; sourceTree = "<group>"; };
		3AE8A6CA1F219D720065E2A0 /* Info.plist */ = {isa = PBXFileReference; lastKnownFileType = text.plist.xml; path = Info.plist; sourceTree = "<group>"; };
		5FB78DCB241DC16322142959 /* Pods-RunLoop.release.xcconfig */ = {isa = PBXFileReference; includeInIndex = 1; lastKnownFileType = text.xcconfig; name = "Pods-RunLoop.release.xcconfig"; path = "Pods/Target Support Files/Pods-RunLoop/Pods-RunLoop.release.xcconfig"; sourceTree = "<group>"; };
		6439C562D21FABA51793603E /* libPods-RunLoop.a */ = {isa = PBXFileReference; explicitFileType = archive.ar; includeInIndex = 0; path = "libPods-RunLoop.a"; sourceTree = BUILT_PRODUCTS_DIR; };
		DFB898CCA366D654C23D5647 /* Pods-RunLoop.debug.xcconfig */ = {isa = PBXFileReference; includeInIndex = 1; lastKnownFileType = text.xcconfig; name = "Pods-RunLoop.debug.xcconfig"; path = "Pods/Target Support Files/Pods-RunLoop/Pods-RunLoop.debug.xcconfig"; sourceTree = "<group>"; };
/* End PBXFileReference section */

/* Begin PBXFrameworksBuildPhase section */
		3AE8A69D1F219D720065E2A0 /* Frameworks */ = {
			isa = PBXFrameworksBuildPhase;
			buildActionMask = 2147483647;
			files = (
				D8BDEE7951D9E6411A0AC5D1 /* libPods-RunLoop.a in Frameworks */,
			);
			runOnlyForDeploymentPostprocessing = 0;
		};
		3AE8A6B61F219D720065E2A0 /* Frameworks */ = {
			isa = PBXFrameworksBuildPhase;
			buildActionMask = 2147483647;
			files = (
			);
			runOnlyForDeploymentPostprocessing = 0;
		};
		3AE8A6C11F219D720065E2A0 /* Frameworks */ = {
			isa = PBXFrameworksBuildPhase;
			buildActionMask = 2147483647;
			files = (
			);
			runOnlyForDeploymentPostprocessing = 0;
		};
/* End PBXFrameworksBuildPhase section */

/* Begin PBXGroup section */
		3AE8A6971F219D720065E2A0 = {
			isa = PBXGroup;
			children = (
				3AE8A6A21F219D720065E2A0 /* RunLoop */,
				3AE8A6BC1F219D720065E2A0 /* RunLoopTests */,
				3AE8A6C71F219D720065E2A0 /* RunLoopUITests */,
				3AE8A6A11F219D720065E2A0 /* Products */,
				4468C31564FBA16B16BF7CBA /* Pods */,
				EB3DD4CDE1CE4CC2C8196FA6 /* Frameworks */,
			);
			sourceTree = "<group>";
		};
		3AE8A6A11F219D720065E2A0 /* Products */ = {
			isa = PBXGroup;
			children = (
				3AE8A6A01F219D720065E2A0 /* RunLoop.app */,
				3AE8A6B91F219D720065E2A0 /* RunLoopTests.xctest */,
				3AE8A6C41F219D720065E2A0 /* RunLoopUITests.xctest */,
			);
			name = Products;
			sourceTree = "<group>";
		};
		3AE8A6A21F219D720065E2A0 /* RunLoop */ = {
			isa = PBXGroup;
			children = (
				3AE8A6A61F219D720065E2A0 /* AppDelegate.h */,
				3AE8A6A71F219D720065E2A0 /* AppDelegate.m */,
				3AE8A6A91F219D720065E2A0 /* ViewController.h */,
				3AE8A6AA1F219D720065E2A0 /* ViewController.m */,
				3AD129591F261F8800FBB644 /* Person.h */,
				3AD1295A1F261F8800FBB644 /* Person.m */,
				3AE8A6AC1F219D720065E2A0 /* Main.storyboard */,
				3AE8A6AF1F219D720065E2A0 /* Assets.xcassets */,
				3AE8A6B11F219D720065E2A0 /* LaunchScreen.storyboard */,
				3AE8A6B41F219D720065E2A0 /* Info.plist */,
				3AE8A6A31F219D720065E2A0 /* Supporting Files */,
			);
			path = RunLoop;
			sourceTree = "<group>";
		};
		3AE8A6A31F219D720065E2A0 /* Supporting Files */ = {
			isa = PBXGroup;
			children = (
				3AE8A6A41F219D720065E2A0 /* main.m */,
			);
			name = "Supporting Files";
			sourceTree = "<group>";
		};
		3AE8A6BC1F219D720065E2A0 /* RunLoopTests */ = {
			isa = PBXGroup;
			children = (
				3AE8A6BD1F219D720065E2A0 /* RunLoopTests.m */,
				3AE8A6BF1F219D720065E2A0 /* Info.plist */,
			);
			path = RunLoopTests;
			sourceTree = "<group>";
		};
		3AE8A6C71F219D720065E2A0 /* RunLoopUITests */ = {
			isa = PBXGroup;
			children = (
				3AE8A6C81F219D720065E2A0 /* RunLoopUITests.m */,
				3AE8A6CA1F219D720065E2A0 /* Info.plist */,
			);
			path = RunLoopUITests;
			sourceTree = "<group>";
		};
		4468C31564FBA16B16BF7CBA /* Pods */ = {
			isa = PBXGroup;
			children = (
				DFB898CCA366D654C23D5647 /* Pods-RunLoop.debug.xcconfig */,
				5FB78DCB241DC16322142959 /* Pods-RunLoop.release.xcconfig */,
			);
			name = Pods;
			sourceTree = "<group>";
		};
		EB3DD4CDE1CE4CC2C8196FA6 /* Frameworks */ = {
			isa = PBXGroup;
			children = (
				6439C562D21FABA51793603E /* libPods-RunLoop.a */,
			);
			name = Frameworks;
			sourceTree = "<group>";
		};
/* End PBXGroup section */

/* Begin PBXNativeTarget section */
		3AE8A69F1F219D720065E2A0 /* RunLoop */ = {
			isa = PBXNativeTarget;
			buildConfigurationList = 3AE8A6CD1F219D720065E2A0 /* Build configuration list for PBXNativeTarget "RunLoop" */;
			buildPhases = (
				74E954B4A133DBA005C662B8 /* [CP] Check Pods Manifest.lock */,
				3AE8A69C1F219D720065E2A0 /* Sources */,
				3AE8A69D1F219D720065E2A0 /* Frameworks */,
				3AE8A69E1F219D720065E2A0 /* Resources */,
				898F14A6F71F022645A1967F /* [CP] Embed Pods Frameworks */,
				AEE730EB5870E54BE4573530 /* [CP] Copy Pods Resources */,
			);
			buildRules = (
			);
			dependencies = (
			);
			name = RunLoop;
			productName = RunLoop;
			productReference = 3AE8A6A01F219D720065E2A0 /* RunLoop.app */;
			productType = "com.apple.product-type.application";
		};
		3AE8A6B81F219D720065E2A0 /* RunLoopTests */ = {
			isa = PBXNativeTarget;
			buildConfigurationList = 3AE8A6D01F219D720065E2A0 /* Build configuration list for PBXNativeTarget "RunLoopTests" */;
			buildPhases = (
				3AE8A6B51F219D720065E2A0 /* Sources */,
				3AE8A6B61F219D720065E2A0 /* Frameworks */,
				3AE8A6B71F219D720065E2A0 /* Resources */,
			);
			buildRules = (
			);
			dependencies = (
				3AE8A6BB1F219D720065E2A0 /* PBXTargetDependency */,
			);
			name = RunLoopTests;
			productName = RunLoopTests;
			productReference = 3AE8A6B91F219D720065E2A0 /* RunLoopTests.xctest */;
			productType = "com.apple.product-type.bundle.unit-test";
		};
		3AE8A6C31F219D720065E2A0 /* RunLoopUITests */ = {
			isa = PBXNativeTarget;
			buildConfigurationList = 3AE8A6D31F219D720065E2A0 /* Build configuration list for PBXNativeTarget "RunLoopUITests" */;
			buildPhases = (
				3AE8A6C01F219D720065E2A0 /* Sources */,
				3AE8A6C11F219D720065E2A0 /* Frameworks */,
				3AE8A6C21F219D720065E2A0 /* Resources */,
			);
			buildRules = (
			);
			dependencies = (
				3AE8A6C61F219D720065E2A0 /* PBXTargetDependency */,
			);
			name = RunLoopUITests;
			productName = RunLoopUITests;
			productReference = 3AE8A6C41F219D720065E2A0 /* RunLoopUITests.xctest */;
			productType = "com.apple.product-type.bundle.ui-testing";
		};
/* End PBXNativeTarget section */

/* Begin PBXProject section */
		3AE8A6981F219D720065E2A0 /* Project object */ = {
			isa = PBXProject;
			attributes = {
				LastUpgradeCheck = 0830;
				ORGANIZATIONNAME = MING;
				TargetAttributes = {
					3AE8A69F1F219D720065E2A0 = {
						CreatedOnToolsVersion = 8.3.2;
						DevelopmentTeam = 7WM53H42P6;
						ProvisioningStyle = Automatic;
					};
					3AE8A6B81F219D720065E2A0 = {
						CreatedOnToolsVersion = 8.3.2;
						DevelopmentTeam = 7WM53H42P6;
						ProvisioningStyle = Automatic;
						TestTargetID = 3AE8A69F1F219D720065E2A0;
					};
					3AE8A6C31F219D720065E2A0 = {
						CreatedOnToolsVersion = 8.3.2;
						DevelopmentTeam = 7WM53H42P6;
						ProvisioningStyle = Automatic;
						TestTargetID = 3AE8A69F1F219D720065E2A0;
					};
				};
			};
			buildConfigurationList = 3AE8A69B1F219D720065E2A0 /* Build configuration list for PBXProject "RunLoop" */;
			compatibilityVersion = "Xcode 3.2";
			developmentRegion = English;
			hasScannedForEncodings = 0;
			knownRegions = (
				en,
				Base,
			);
			mainGroup = 3AE8A6971F219D720065E2A0;
			productRefGroup = 3AE8A6A11F219D720065E2A0 /* Products */;
			projectDirPath = "";
			projectRoot = "";
			targets = (
				3AE8A69F1F219D720065E2A0 /* RunLoop */,
				3AE8A6B81F219D720065E2A0 /* RunLoopTests */,
				3AE8A6C31F219D720065E2A0 /* RunLoopUITests */,
			);
		};
/* End PBXProject section */

/* Begin PBXResourcesBuildPhase section */
		3AE8A69E1F219D720065E2A0 /* Resources */ = {
			isa = PBXResourcesBuildPhase;
			buildActionMask = 2147483647;
			files = (
				3AE8A6B31F219D720065E2A0 /* LaunchScreen.storyboard in Resources */,
				3AE8A6B01F219D720065E2A0 /* Assets.xcassets in Resources */,
				3AE8A6AE1F219D720065E2A0 /* Main.storyboard in Resources */,
			);
			runOnlyForDeploymentPostprocessing = 0;
		};
		3AE8A6B71F219D720065E2A0 /* Resources */ = {
			isa = PBXResourcesBuildPhase;
			buildActionMask = 2147483647;
			files = (
			);
			runOnlyForDeploymentPostprocessing = 0;
		};
		3AE8A6C21F219D720065E2A0 /* Resources */ = {
			isa = PBXResourcesBuildPhase;
			buildActionMask = 2147483647;
			files = (
			);
			runOnlyForDeploymentPostprocessing = 0;
		};
/* End PBXResourcesBuildPhase section */

/* Begin PBXShellScriptBuildPhase section */
		74E954B4A133DBA005C662B8 /* [CP] Check Pods Manifest.lock */ = {
			isa = PBXShellScriptBuildPhase;
			buildActionMask = 2147483647;
			files = (
			);
			inputPaths = (
			);
			name = "[CP] Check Pods Manifest.lock";
			outputPaths = (
			);
			runOnlyForDeploymentPostprocessing = 0;
			shellPath = /bin/sh;
			shellScript = "diff \"${PODS_PODFILE_DIR_PATH}/Podfile.lock\" \"${PODS_ROOT}/Manifest.lock\" > /dev/null\nif [ $? != 0 ] ; then\n    # print error to STDERR\n    echo \"error: The sandbox is not in sync with the Podfile.lock. Run 'pod install' or update your CocoaPods installation.\" >&2\n    exit 1\nfi\n";
			showEnvVarsInLog = 0;
		};
		898F14A6F71F022645A1967F /* [CP] Embed Pods Frameworks */ = {
			isa = PBXShellScriptBuildPhase;
			buildActionMask = 2147483647;
			files = (
			);
			inputPaths = (
			);
			name = "[CP] Embed Pods Frameworks";
			outputPaths = (
			);
			runOnlyForDeploymentPostprocessing = 0;
			shellPath = /bin/sh;
			shellScript = "\"${SRCROOT}/Pods/Target Support Files/Pods-RunLoop/Pods-RunLoop-frameworks.sh\"\n";
			showEnvVarsInLog = 0;
		};
		AEE730EB5870E54BE4573530 /* [CP] Copy Pods Resources */ = {
			isa = PBXShellScriptBuildPhase;
			buildActionMask = 2147483647;
			files = (
			);
			inputPaths = (
			);
			name = "[CP] Copy Pods Resources";
			outputPaths = (
			);
			runOnlyForDeploymentPostprocessing = 0;
			shellPath = /bin/sh;
			shellScript = "\"${SRCROOT}/Pods/Target Support Files/Pods-RunLoop/Pods-RunLoop-resources.sh\"\n";
			showEnvVarsInLog = 0;
		};
/* End PBXShellScriptBuildPhase section */

/* Begin PBXSourcesBuildPhase section */
		3AE8A69C1F219D720065E2A0 /* Sources */ = {
			isa = PBXSourcesBuildPhase;
			buildActionMask = 2147483647;
			files = (
				3AE8A6AB1F219D720065E2A0 /* ViewController.m in Sources */,
				3AE8A6A81F219D720065E2A0 /* AppDelegate.m in Sources */,
				3AD1295B1F261F8800FBB644 /* Person.m in Sources */,
				3AE8A6A51F219D720065E2A0 /* main.m in Sources */,
			);
			runOnlyForDeploymentPostprocessing = 0;
		};
		3AE8A6B51F219D720065E2A0 /* Sources */ = {
			isa = PBXSourcesBuildPhase;
			buildActionMask = 2147483647;
			files = (
				3AE8A6BE1F219D720065E2A0 /* RunLoopTests.m in Sources */,
			);
			runOnlyForDeploymentPostprocessing = 0;
		};
		3AE8A6C01F219D720065E2A0 /* Sources */ = {
			isa = PBXSourcesBuildPhase;
			buildActionMask = 2147483647;
			files = (
				3AE8A6C91F219D720065E2A0 /* RunLoopUITests.m in Sources */,
			);
			runOnlyForDeploymentPostprocessing = 0;
		};
/* End PBXSourcesBuildPhase section */

/* Begin PBXTargetDependency section */
		3AE8A6BB1F219D720065E2A0 /* PBXTargetDependency */ = {
			isa = PBXTargetDependency;
			target = 3AE8A69F1F219D720065E2A0 /* RunLoop */;
			targetProxy = 3AE8A6BA1F219D720065E2A0 /* PBXContainerItemProxy */;
		};
		3AE8A6C61F219D720065E2A0 /* PBXTargetDependency */ = {
			isa = PBXTargetDependency;
			target = 3AE8A69F1F219D720065E2A0 /* RunLoop */;
			targetProxy = 3AE8A6C51F219D720065E2A0 /* PBXContainerItemProxy */;
		};
/* End PBXTargetDependency section */

/* Begin PBXVariantGroup section */
		3AE8A6AC1F219D720065E2A0 /* Main.storyboard */ = {
			isa = PBXVariantGroup;
			children = (
				3AE8A6AD1F219D720065E2A0 /* Base */,
			);
			name = Main.storyboard;
			sourceTree = "<group>";
		};
		3AE8A6B11F219D720065E2A0 /* LaunchScreen.storyboard */ = {
			isa = PBXVariantGroup;
			children = (
				3AE8A6B21F219D720065E2A0 /* Base */,
			);
			name = LaunchScreen.storyboard;
			sourceTree = "<group>";
		};
/* End PBXVariantGroup section */

/* Begin XCBuildConfiguration section */
		3AE8A6CB1F219D720065E2A0 /* Debug */ = {
			isa = XCBuildConfiguration;
			buildSettings = {
				ALWAYS_SEARCH_USER_PATHS = NO;
				CLANG_ANALYZER_NONNULL = YES;
				CLANG_ANALYZER_NUMBER_OBJECT_CONVERSION = YES_AGGRESSIVE;
				CLANG_CXX_LANGUAGE_STANDARD = "gnu++0x";
				CLANG_CXX_LIBRARY = "libc++";
				CLANG_ENABLE_MODULES = YES;
				CLANG_ENABLE_OBJC_ARC = YES;
				CLANG_WARN_BOOL_CONVERSION = YES;
				CLANG_WARN_CONSTANT_CONVERSION = YES;
				CLANG_WARN_DIRECT_OBJC_ISA_USAGE = YES_ERROR;
				CLANG_WARN_DOCUMENTATION_COMMENTS = YES;
				CLANG_WARN_EMPTY_BODY = YES;
				CLANG_WARN_ENUM_CONVERSION = YES;
				CLANG_WARN_INFINITE_RECURSION = YES;
				CLANG_WARN_INT_CONVERSION = YES;
				CLANG_WARN_OBJC_ROOT_CLASS = YES_ERROR;
				CLANG_WARN_SUSPICIOUS_MOVE = YES;
				CLANG_WARN_UNREACHABLE_CODE = YES;
				CLANG_WARN__DUPLICATE_METHOD_MATCH = YES;
				"CODE_SIGN_IDENTITY[sdk=iphoneos*]" = "iPhone Developer";
				COPY_PHASE_STRIP = NO;
				DEBUG_INFORMATION_FORMAT = dwarf;
				ENABLE_STRICT_OBJC_MSGSEND = YES;
				ENABLE_TESTABILITY = YES;
				GCC_C_LANGUAGE_STANDARD = gnu99;
				GCC_DYNAMIC_NO_PIC = NO;
				GCC_NO_COMMON_BLOCKS = YES;
				GCC_OPTIMIZATION_LEVEL = 0;
				GCC_PREPROCESSOR_DEFINITIONS = (
					"DEBUG=1",
					"$(inherited)",
				);
				GCC_WARN_64_TO_32_BIT_CONVERSION = YES;
				GCC_WARN_ABOUT_RETURN_TYPE = YES_ERROR;
				GCC_WARN_UNDECLARED_SELECTOR = YES;
				GCC_WARN_UNINITIALIZED_AUTOS = YES_AGGRESSIVE;
				GCC_WARN_UNUSED_FUNCTION = YES;
				GCC_WARN_UNUSED_VARIABLE = YES;
				IPHONEOS_DEPLOYMENT_TARGET = 10.3;
				MTL_ENABLE_DEBUG_INFO = YES;
				ONLY_ACTIVE_ARCH = YES;
				SDKROOT = iphoneos;
				TARGETED_DEVICE_FAMILY = "1,2";
			};
			name = Debug;
		};
		3AE8A6CC1F219D720065E2A0 /* Release */ = {
			isa = XCBuildConfiguration;
			buildSettings = {
				ALWAYS_SEARCH_USER_PATHS = NO;
				CLANG_ANALYZER_NONNULL = YES;
				CLANG_ANALYZER_NUMBER_OBJECT_CONVERSION = YES_AGGRESSIVE;
				CLANG_CXX_LANGUAGE_STANDARD = "gnu++0x";
				CLANG_CXX_LIBRARY = "libc++";
				CLANG_ENABLE_MODULES = YES;
				CLANG_ENABLE_OBJC_ARC = YES;
				CLANG_WARN_BOOL_CONVERSION = YES;
				CLANG_WARN_CONSTANT_CONVERSION = YES;
				CLANG_WARN_DIRECT_OBJC_ISA_USAGE = YES_ERROR;
				CLANG_WARN_DOCUMENTATION_COMMENTS = YES;
				CLANG_WARN_EMPTY_BODY = YES;
				CLANG_WARN_ENUM_CONVERSION = YES;
				CLANG_WARN_INFINITE_RECURSION = YES;
				CLANG_WARN_INT_CONVERSION = YES;
				CLANG_WARN_OBJC_ROOT_CLASS = YES_ERROR;
				CLANG_WARN_SUSPICIOUS_MOVE = YES;
				CLANG_WARN_UNREACHABLE_CODE = YES;
				CLANG_WARN__DUPLICATE_METHOD_MATCH = YES;
				"CODE_SIGN_IDENTITY[sdk=iphoneos*]" = "iPhone Developer";
				COPY_PHASE_STRIP = NO;
				DEBUG_INFORMATION_FORMAT = "dwarf-with-dsym";
				ENABLE_NS_ASSERTIONS = NO;
				ENABLE_STRICT_OBJC_MSGSEND = YES;
				GCC_C_LANGUAGE_STANDARD = gnu99;
				GCC_NO_COMMON_BLOCKS = YES;
				GCC_WARN_64_TO_32_BIT_CONVERSION = YES;
				GCC_WARN_ABOUT_RETURN_TYPE = YES_ERROR;
				GCC_WARN_UNDECLARED_SELECTOR = YES;
				GCC_WARN_UNINITIALIZED_AUTOS = YES_AGGRESSIVE;
				GCC_WARN_UNUSED_FUNCTION = YES;
				GCC_WARN_UNUSED_VARIABLE = YES;
				IPHONEOS_DEPLOYMENT_TARGET = 10.3;
				MTL_ENABLE_DEBUG_INFO = NO;
				SDKROOT = iphoneos;
				TARGETED_DEVICE_FAMILY = "1,2";
				VALIDATE_PRODUCT = YES;
			};
			name = Release;
		};
		3AE8A6CE1F219D720065E2A0 /* Debug */ = {
			isa = XCBuildConfiguration;
			baseConfigurationReference = DFB898CCA366D654C23D5647 /* Pods-RunLoop.debug.xcconfig */;
			buildSettings = {
				ASSETCATALOG_COMPILER_APPICON_NAME = AppIcon;
				DEVELOPMENT_TEAM = 7WM53H42P6;
				INFOPLIST_FILE = RunLoop/Info.plist;
				LD_RUNPATH_SEARCH_PATHS = "$(inherited) @executable_path/Frameworks";
				PRODUCT_BUNDLE_IDENTIFIER = com.ming.cutMp3.RunLoop;
				PRODUCT_NAME = "$(TARGET_NAME)";
			};
			name = Debug;
		};
		3AE8A6CF1F219D720065E2A0 /* Release */ = {
			isa = XCBuildConfiguration;
			baseConfigurationReference = 5FB78DCB241DC16322142959 /* Pods-RunLoop.release.xcconfig */;
			buildSettings = {
				ASSETCATALOG_COMPILER_APPICON_NAME = AppIcon;
				DEVELOPMENT_TEAM = 7WM53H42P6;
				INFOPLIST_FILE = RunLoop/Info.plist;
				LD_RUNPATH_SEARCH_PATHS = "$(inherited) @executable_path/Frameworks";
				PRODUCT_BUNDLE_IDENTIFIER = com.ming.cutMp3.RunLoop;
				PRODUCT_NAME = "$(TARGET_NAME)";
			};
			name = Release;
		};
		3AE8A6D11F219D720065E2A0 /* Debug */ = {
			isa = XCBuildConfiguration;
			buildSettings = {
				BUNDLE_LOADER = "$(TEST_HOST)";
				DEVELOPMENT_TEAM = 7WM53H42P6;
				INFOPLIST_FILE = RunLoopTests/Info.plist;
				LD_RUNPATH_SEARCH_PATHS = "$(inherited) @executable_path/Frameworks @loader_path/Frameworks";
				PRODUCT_BUNDLE_IDENTIFIER = com.ming.cutMp3.RunLoopTests;
				PRODUCT_NAME = "$(TARGET_NAME)";
				TEST_HOST = "$(BUILT_PRODUCTS_DIR)/RunLoop.app/RunLoop";
			};
			name = Debug;
		};
		3AE8A6D21F219D720065E2A0 /* Release */ = {
			isa = XCBuildConfiguration;
			buildSettings = {
				BUNDLE_LOADER = "$(TEST_HOST)";
				DEVELOPMENT_TEAM = 7WM53H42P6;
				INFOPLIST_FILE = RunLoopTests/Info.plist;
				LD_RUNPATH_SEARCH_PATHS = "$(inherited) @executable_path/Frameworks @loader_path/Frameworks";
				PRODUCT_BUNDLE_IDENTIFIER = com.ming.cutMp3.RunLoopTests;
				PRODUCT_NAME = "$(TARGET_NAME)";
				TEST_HOST = "$(BUILT_PRODUCTS_DIR)/RunLoop.app/RunLoop";
			};
			name = Release;
		};
		3AE8A6D41F219D720065E2A0 /* Debug */ = {
			isa = XCBuildConfiguration;
			buildSettings = {
				DEVELOPMENT_TEAM = 7WM53H42P6;
				INFOPLIST_FILE = RunLoopUITests/Info.plist;
				LD_RUNPATH_SEARCH_PATHS = "$(inherited) @executable_path/Frameworks @loader_path/Frameworks";
				PRODUCT_BUNDLE_IDENTIFIER = com.ming.cutMp3.RunLoopUITests;
				PRODUCT_NAME = "$(TARGET_NAME)";
				TEST_TARGET_NAME = RunLoop;
			};
			name = Debug;
		};
		3AE8A6D51F219D720065E2A0 /* Release */ = {
			isa = XCBuildConfiguration;
			buildSettings = {
				DEVELOPMENT_TEAM = 7WM53H42P6;
				INFOPLIST_FILE = RunLoopUITests/Info.plist;
				LD_RUNPATH_SEARCH_PATHS = "$(inherited) @executable_path/Frameworks @loader_path/Frameworks";
				PRODUCT_BUNDLE_IDENTIFIER = com.ming.cutMp3.RunLoopUITests;
				PRODUCT_NAME = "$(TARGET_NAME)";
				TEST_TARGET_NAME = RunLoop;
			};
			name = Release;
		};
/* End XCBuildConfiguration section */

/* Begin XCConfigurationList section */
		3AE8A69B1F219D720065E2A0 /* Build configuration list for PBXProject "RunLoop" */ = {
			isa = XCConfigurationList;
			buildConfigurations = (
				3AE8A6CB1F219D720065E2A0 /* Debug */,
				3AE8A6CC1F219D720065E2A0 /* Release */,
			);
			defaultConfigurationIsVisible = 0;
			defaultConfigurationName = Release;
		};
		3AE8A6CD1F219D720065E2A0 /* Build configuration list for PBXNativeTarget "RunLoop" */ = {
			isa = XCConfigurationList;
			buildConfigurations = (
				3AE8A6CE1F219D720065E2A0 /* Debug */,
				3AE8A6CF1F219D720065E2A0 /* Release */,
			);
			defaultConfigurationIsVisible = 0;
			defaultConfigurationName = Release;
		};
		3AE8A6D01F219D720065E2A0 /* Build configuration list for PBXNativeTarget "RunLoopTests" */ = {
			isa = XCConfigurationList;
			buildConfigurations = (
				3AE8A6D11F219D720065E2A0 /* Debug */,
				3AE8A6D21F219D720065E2A0 /* Release */,
			);
			defaultConfigurationIsVisible = 0;
			defaultConfigurationName = Release;
		};
		3AE8A6D31F219D720065E2A0 /* Build configuration list for PBXNativeTarget "RunLoopUITests" */ = {
			isa = XCConfigurationList;
			buildConfigurations = (
				3AE8A6D41F219D720065E2A0 /* Debug */,
				3AE8A6D51F219D720065E2A0 /* Release */,
			);
			defaultConfigurationIsVisible = 0;
			defaultConfigurationName = Release;
		};
/* End XCConfigurationList section */
	};
	rootObject = 3AE8A6981F219D720065E2A0 /* Project object */;
}
