// !$*UTF8*$!
{
	archiveVersion = 1;
	classes = {
	};
	objectVersion = 46;
	objects = {

/* Begin PBXBuildFile section */
		3A2B7A7C1F21F12C009749E1 /* main.m in Sources */ = {isa = PBXBuildFile; fileRef = 3A2B7A7B1F21F12C009749E1 /* main.m */; };
		3A2B7A7F1F21F12C009749E1 /* AppDelegate.m in Sources */ = {isa = PBXBuildFile; fileRef = 3A2B7A7E1F21F12C009749E1 /* AppDelegate.m */; };
		3A2B7A821F21F12C009749E1 /* ViewController.m in Sources */ = {isa = PBXBuildFile; fileRef = 3A2B7A811F21F12C009749E1 /* ViewController.m */; };
		3A2B7A851F21F12C009749E1 /* Main.storyboard in Resources */ = {isa = PBXBuildFile; fileRef = 3A2B7A831F21F12C009749E1 /* Main.storyboard */; };
		3A2B7A871F21F12C009749E1 /* Assets.xcassets in Resources */ = {isa = PBXBuildFile; fileRef = 3A2B7A861F21F12C009749E1 /* Assets.xcassets */; };
		3A2B7A8A1F21F12C009749E1 /* LaunchScreen.storyboard in Resources */ = {isa = PBXBuildFile; fileRef = 3A2B7A881F21F12C009749E1 /* LaunchScreen.storyboard */; };
		3A2B7A951F21F12C009749E1 /* RunTimeTests.m in Sources */ = {isa = PBXBuildFile; fileRef = 3A2B7A941F21F12C009749E1 /* RunTimeTests.m */; };
		3A2B7AA01F21F12D009749E1 /* RunTimeUITests.m in Sources */ = {isa = PBXBuildFile; fileRef = 3A2B7A9F1F21F12D009749E1 /* RunTimeUITests.m */; };
		3A2B7AAF1F21F13A009749E1 /* Person.m in Sources */ = {isa = PBXBuildFile; fileRef = 3A2B7AAE1F21F13A009749E1 /* Person.m */; };
		3A2B7AB21F220377009749E1 /* NSURL+Check.m in Sources */ = {isa = PBXBuildFile; fileRef = 3A2B7AB11F220377009749E1 /* NSURL+Check.m */; };
/* End PBXBuildFile section */

/* Begin PBXContainerItemProxy section */
		3A2B7A911F21F12C009749E1 /* PBXContainerItemProxy */ = {
			isa = PBXContainerItemProxy;
			containerPortal = 3A2B7A6F1F21F12C009749E1 /* Project object */;
			proxyType = 1;
			remoteGlobalIDString = 3A2B7A761F21F12C009749E1;
			remoteInfo = RunTime;
		};
		3A2B7A9C1F21F12D009749E1 /* PBXContainerItemProxy */ = {
			isa = PBXContainerItemProxy;
			containerPortal = 3A2B7A6F1F21F12C009749E1 /* Project object */;
			proxyType = 1;
			remoteGlobalIDString = 3A2B7A761F21F12C009749E1;
			remoteInfo = RunTime;
		};
/* End PBXContainerItemProxy section */

/* Begin PBXFileReference section */
		3A2B7A771F21F12C009749E1 /* RunTime.app */ = {isa = PBXFileReference; explicitFileType = wrapper.application; includeInIndex = 0; path = RunTime.app; sourceTree = BUILT_PRODUCTS_DIR; };
		3A2B7A7B1F21F12C009749E1 /* main.m */ = {isa = PBXFileReference; lastKnownFileType = sourcecode.c.objc; path = main.m; sourceTree = "<group>"; };
		3A2B7A7D1F21F12C009749E1 /* AppDelegate.h */ = {isa = PBXFileReference; lastKnownFileType = sourcecode.c.h; path = AppDelegate.h; sourceTree = "<group>"; };
		3A2B7A7E1F21F12C009749E1 /* AppDelegate.m */ = {isa = PBXFileReference; lastKnownFileType = sourcecode.c.objc; path = AppDelegate.m; sourceTree = "<group>"; };
		3A2B7A801F21F12C009749E1 /* ViewController.h */ = {isa = PBXFileReference; lastKnownFileType = sourcecode.c.h; path = ViewController.h; sourceTree = "<group>"; };
		3A2B7A811F21F12C009749E1 /* ViewController.m */ = {isa = PBXFileReference; lastKnownFileType = sourcecode.c.objc; path = ViewController.m; sourceTree = "<group>"; };
		3A2B7A841F21F12C009749E1 /* Base */ = {isa = PBXFileReference; lastKnownFileType = file.storyboard; name = Base; path = Base.lproj/Main.storyboard; sourceTree = "<group>"; };
		3A2B7A861F21F12C009749E1 /* Assets.xcassets */ = {isa = PBXFileReference; lastKnownFileType = folder.assetcatalog; path = Assets.xcassets; sourceTree = "<group>"; };
		3A2B7A891F21F12C009749E1 /* Base */ = {isa = PBXFileReference; lastKnownFileType = file.storyboard; name = Base; path = Base.lproj/LaunchScreen.storyboard; sourceTree = "<group>"; };
		3A2B7A8B1F21F12C009749E1 /* Info.plist */ = {isa = PBXFileReference; lastKnownFileType = text.plist.xml; path = Info.plist; sourceTree = "<group>"; };
		3A2B7A901F21F12C009749E1 /* RunTimeTests.xctest */ = {isa = PBXFileReference; explicitFileType = wrapper.cfbundle; includeInIndex = 0; path = RunTimeTests.xctest; sourceTree = BUILT_PRODUCTS_DIR; };
		3A2B7A941F21F12C009749E1 /* RunTimeTests.m */ = {isa = PBXFileReference; lastKnownFileType = sourcecode.c.objc; path = RunTimeTests.m; sourceTree = "<group>"; };
		3A2B7A961F21F12C009749E1 /* Info.plist */ = {isa = PBXFileReference; lastKnownFileType = text.plist.xml; path = Info.plist; sourceTree = "<group>"; };
		3A2B7A9B1F21F12D009749E1 /* RunTimeUITests.xctest */ = {isa = PBXFileReference; explicitFileType = wrapper.cfbundle; includeInIndex = 0; path = RunTimeUITests.xctest; sourceTree = BUILT_PRODUCTS_DIR; };
		3A2B7A9F1F21F12D009749E1 /* RunTimeUITests.m */ = {isa = PBXFileReference; lastKnownFileType = sourcecode.c.objc; path = RunTimeUITests.m; sourceTree = "<group>"; };
		3A2B7AA11F21F12D009749E1 /* Info.plist */ = {isa = PBXFileReference; lastKnownFileType = text.plist.xml; path = Info.plist; sourceTree = "<group>"; };
		3A2B7AAD1F21F13A009749E1 /* Person.h */ = {isa = PBXFileReference; fileEncoding = 4; lastKnownFileType = sourcecode.c.h; path = Person.h; sourceTree = "<group>"; };
		3A2B7AAE1F21F13A009749E1 /* Person.m */ = {isa = PBXFileReference; fileEncoding = 4; lastKnownFileType = sourcecode.c.objc; path = Person.m; sourceTree = "<group>"; };
		3A2B7AB01F220377009749E1 /* NSURL+Check.h */ = {isa = PBXFileReference; fileEncoding = 4; lastKnownFileType = sourcecode.c.h; path = "NSURL+Check.h"; sourceTree = "<group>"; };
		3A2B7AB11F220377009749E1 /* NSURL+Check.m */ = {isa = PBXFileReference; fileEncoding = 4; lastKnownFileType = sourcecode.c.objc; path = "NSURL+Check.m"; sourceTree = "<group>"; };
/* End PBXFileReference section */

/* Begin PBXFrameworksBuildPhase section */
		3A2B7A741F21F12C009749E1 /* Frameworks */ = {
			isa = PBXFrameworksBuildPhase;
			buildActionMask = 2147483647;
			files = (
			);
			runOnlyForDeploymentPostprocessing = 0;
		};
		3A2B7A8D1F21F12C009749E1 /* Frameworks */ = {
			isa = PBXFrameworksBuildPhase;
			buildActionMask = 2147483647;
			files = (
			);
			runOnlyForDeploymentPostprocessing = 0;
		};
		3A2B7A981F21F12D009749E1 /* Frameworks */ = {
			isa = PBXFrameworksBuildPhase;
			buildActionMask = 2147483647;
			files = (
			);
			runOnlyForDeploymentPostprocessing = 0;
		};
/* End PBXFrameworksBuildPhase section */

/* Begin PBXGroup section */
		3A2B7A6E1F21F12C009749E1 = {
			isa = PBXGroup;
			children = (
				3A2B7A791F21F12C009749E1 /* RunTime */,
				3A2B7A931F21F12C009749E1 /* RunTimeTests */,
				3A2B7A9E1F21F12D009749E1 /* RunTimeUITests */,
				3A2B7A781F21F12C009749E1 /* Products */,
			);
			sourceTree = "<group>";
		};
		3A2B7A781F21F12C009749E1 /* Products */ = {
			isa = PBXGroup;
			children = (
				3A2B7A771F21F12C009749E1 /* RunTime.app */,
				3A2B7A901F21F12C009749E1 /* RunTimeTests.xctest */,
				3A2B7A9B1F21F12D009749E1 /* RunTimeUITests.xctest */,
			);
			name = Products;
			sourceTree = "<group>";
		};
		3A2B7A791F21F12C009749E1 /* RunTime */ = {
			isa = PBXGroup;
			children = (
				3A2B7A7D1F21F12C009749E1 /* AppDelegate.h */,
				3A2B7A7E1F21F12C009749E1 /* AppDelegate.m */,
				3A2B7A801F21F12C009749E1 /* ViewController.h */,
				3A2B7A811F21F12C009749E1 /* ViewController.m */,
				3A2B7AAD1F21F13A009749E1 /* Person.h */,
				3A2B7AAE1F21F13A009749E1 /* Person.m */,
				3A2B7AB01F220377009749E1 /* NSURL+Check.h */,
				3A2B7AB11F220377009749E1 /* NSURL+Check.m */,
				3A2B7A831F21F12C009749E1 /* Main.storyboard */,
				3A2B7A861F21F12C009749E1 /* Assets.xcassets */,
				3A2B7A881F21F12C009749E1 /* LaunchScreen.storyboard */,
				3A2B7A8B1F21F12C009749E1 /* Info.plist */,
				3A2B7A7A1F21F12C009749E1 /* Supporting Files */,
			);
			path = RunTime;
			sourceTree = "<group>";
		};
		3A2B7A7A1F21F12C009749E1 /* Supporting Files */ = {
			isa = PBXGroup;
			children = (
				3A2B7A7B1F21F12C009749E1 /* main.m */,
			);
			name = "Supporting Files";
			sourceTree = "<group>";
		};
		3A2B7A931F21F12C009749E1 /* RunTimeTests */ = {
			isa = PBXGroup;
			children = (
				3A2B7A941F21F12C009749E1 /* RunTimeTests.m */,
				3A2B7A961F21F12C009749E1 /* Info.plist */,
			);
			path = RunTimeTests;
			sourceTree = "<group>";
		};
		3A2B7A9E1F21F12D009749E1 /* RunTimeUITests */ = {
			isa = PBXGroup;
			children = (
				3A2B7A9F1F21F12D009749E1 /* RunTimeUITests.m */,
				3A2B7AA11F21F12D009749E1 /* Info.plist */,
			);
			path = RunTimeUITests;
			sourceTree = "<group>";
		};
/* End PBXGroup section */

/* Begin PBXNativeTarget section */
		3A2B7A761F21F12C009749E1 /* RunTime */ = {
			isa = PBXNativeTarget;
			buildConfigurationList = 3A2B7AA41F21F12D009749E1 /* Build configuration list for PBXNativeTarget "RunTime" */;
			buildPhases = (
				3A2B7A731F21F12C009749E1 /* Sources */,
				3A2B7A741F21F12C009749E1 /* Frameworks */,
				3A2B7A751F21F12C009749E1 /* Resources */,
			);
			buildRules = (
			);
			dependencies = (
			);
			name = RunTime;
			productName = RunTime;
			productReference = 3A2B7A771F21F12C009749E1 /* RunTime.app */;
			productType = "com.apple.product-type.application";
		};
		3A2B7A8F1F21F12C009749E1 /* RunTimeTests */ = {
			isa = PBXNativeTarget;
			buildConfigurationList = 3A2B7AA71F21F12D009749E1 /* Build configuration list for PBXNativeTarget "RunTimeTests" */;
			buildPhases = (
				3A2B7A8C1F21F12C009749E1 /* Sources */,
				3A2B7A8D1F21F12C009749E1 /* Frameworks */,
				3A2B7A8E1F21F12C009749E1 /* Resources */,
			);
			buildRules = (
			);
			dependencies = (
				3A2B7A921F21F12C009749E1 /* PBXTargetDependency */,
			);
			name = RunTimeTests;
			productName = RunTimeTests;
			productReference = 3A2B7A901F21F12C009749E1 /* RunTimeTests.xctest */;
			productType = "com.apple.product-type.bundle.unit-test";
		};
		3A2B7A9A1F21F12D009749E1 /* RunTimeUITests */ = {
			isa = PBXNativeTarget;
			buildConfigurationList = 3A2B7AAA1F21F12D009749E1 /* Build configuration list for PBXNativeTarget "RunTimeUITests" */;
			buildPhases = (
				3A2B7A971F21F12D009749E1 /* Sources */,
				3A2B7A981F21F12D009749E1 /* Frameworks */,
				3A2B7A991F21F12D009749E1 /* Resources */,
			);
			buildRules = (
			);
			dependencies = (
				3A2B7A9D1F21F12D009749E1 /* PBXTargetDependency */,
			);
			name = RunTimeUITests;
			productName = RunTimeUITests;
			productReference = 3A2B7A9B1F21F12D009749E1 /* RunTimeUITests.xctest */;
			productType = "com.apple.product-type.bundle.ui-testing";
		};
/* End PBXNativeTarget section */

/* Begin PBXProject section */
		3A2B7A6F1F21F12C009749E1 /* Project object */ = {
			isa = PBXProject;
			attributes = {
				LastUpgradeCheck = 0830;
				ORGANIZATIONNAME = MING;
				TargetAttributes = {
					3A2B7A761F21F12C009749E1 = {
						CreatedOnToolsVersion = 8.3.2;
						DevelopmentTeam = 7WM53H42P6;
						ProvisioningStyle = Automatic;
					};
					3A2B7A8F1F21F12C009749E1 = {
						CreatedOnToolsVersion = 8.3.2;
						DevelopmentTeam = 7WM53H42P6;
						ProvisioningStyle = Automatic;
						TestTargetID = 3A2B7A761F21F12C009749E1;
					};
					3A2B7A9A1F21F12D009749E1 = {
						CreatedOnToolsVersion = 8.3.2;
						DevelopmentTeam = 7WM53H42P6;
						ProvisioningStyle = Automatic;
						TestTargetID = 3A2B7A761F21F12C009749E1;
					};
				};
			};
			buildConfigurationList = 3A2B7A721F21F12C009749E1 /* Build configuration list for PBXProject "RunTime" */;
			compatibilityVersion = "Xcode 3.2";
			developmentRegion = English;
			hasScannedForEncodings = 0;
			knownRegions = (
				en,
				Base,
			);
			mainGroup = 3A2B7A6E1F21F12C009749E1;
			productRefGroup = 3A2B7A781F21F12C009749E1 /* Products */;
			projectDirPath = "";
			projectRoot = "";
			targets = (
				3A2B7A761F21F12C009749E1 /* RunTime */,
				3A2B7A8F1F21F12C009749E1 /* RunTimeTests */,
				3A2B7A9A1F21F12D009749E1 /* RunTimeUITests */,
			);
		};
/* End PBXProject section */

/* Begin PBXResourcesBuildPhase section */
		3A2B7A751F21F12C009749E1 /* Resources */ = {
			isa = PBXResourcesBuildPhase;
			buildActionMask = 2147483647;
			files = (
				3A2B7A8A1F21F12C009749E1 /* LaunchScreen.storyboard in Resources */,
				3A2B7A871F21F12C009749E1 /* Assets.xcassets in Resources */,
				3A2B7A851F21F12C009749E1 /* Main.storyboard in Resources */,
			);
			runOnlyForDeploymentPostprocessing = 0;
		};
		3A2B7A8E1F21F12C009749E1 /* Resources */ = {
			isa = PBXResourcesBuildPhase;
			buildActionMask = 2147483647;
			files = (
			);
			runOnlyForDeploymentPostprocessing = 0;
		};
		3A2B7A991F21F12D009749E1 /* Resources */ = {
			isa = PBXResourcesBuildPhase;
			buildActionMask = 2147483647;
			files = (
			);
			runOnlyForDeploymentPostprocessing = 0;
		};
/* End PBXResourcesBuildPhase section */

/* Begin PBXSourcesBuildPhase section */
		3A2B7A731F21F12C009749E1 /* Sources */ = {
			isa = PBXSourcesBuildPhase;
			buildActionMask = 2147483647;
			files = (
				3A2B7A821F21F12C009749E1 /* ViewController.m in Sources */,
				3A2B7A7F1F21F12C009749E1 /* AppDelegate.m in Sources */,
				3A2B7AAF1F21F13A009749E1 /* Person.m in Sources */,
				3A2B7AB21F220377009749E1 /* NSURL+Check.m in Sources */,
				3A2B7A7C1F21F12C009749E1 /* main.m in Sources */,
			);
			runOnlyForDeploymentPostprocessing = 0;
		};
		3A2B7A8C1F21F12C009749E1 /* Sources */ = {
			isa = PBXSourcesBuildPhase;
			buildActionMask = 2147483647;
			files = (
				3A2B7A951F21F12C009749E1 /* RunTimeTests.m in Sources */,
			);
			runOnlyForDeploymentPostprocessing = 0;
		};
		3A2B7A971F21F12D009749E1 /* Sources */ = {
			isa = PBXSourcesBuildPhase;
			buildActionMask = 2147483647;
			files = (
				3A2B7AA01F21F12D009749E1 /* RunTimeUITests.m in Sources */,
			);
			runOnlyForDeploymentPostprocessing = 0;
		};
/* End PBXSourcesBuildPhase section */

/* Begin PBXTargetDependency section */
		3A2B7A921F21F12C009749E1 /* PBXTargetDependency */ = {
			isa = PBXTargetDependency;
			target = 3A2B7A761F21F12C009749E1 /* RunTime */;
			targetProxy = 3A2B7A911F21F12C009749E1 /* PBXContainerItemProxy */;
		};
		3A2B7A9D1F21F12D009749E1 /* PBXTargetDependency */ = {
			isa = PBXTargetDependency;
			target = 3A2B7A761F21F12C009749E1 /* RunTime */;
			targetProxy = 3A2B7A9C1F21F12D009749E1 /* PBXContainerItemProxy */;
		};
/* End PBXTargetDependency section */

/* Begin PBXVariantGroup section */
		3A2B7A831F21F12C009749E1 /* Main.storyboard */ = {
			isa = PBXVariantGroup;
			children = (
				3A2B7A841F21F12C009749E1 /* Base */,
			);
			name = Main.storyboard;
			sourceTree = "<group>";
		};
		3A2B7A881F21F12C009749E1 /* LaunchScreen.storyboard */ = {
			isa = PBXVariantGroup;
			children = (
				3A2B7A891F21F12C009749E1 /* Base */,
			);
			name = LaunchScreen.storyboard;
			sourceTree = "<group>";
		};
/* End PBXVariantGroup section */

/* Begin XCBuildConfiguration section */
		3A2B7AA21F21F12D009749E1 /* Debug */ = {
			isa = XCBuildConfiguration;
			buildSettings = {
				ALWAYS_SEARCH_USER_PATHS = NO;
				CLANG_ANALYZER_NONNULL = YES;
				CLANG_ANALYZER_NUMBER_OBJECT_CONVERSION = YES_AGGRESSIVE;
				CLANG_CXX_LANGUAGE_STANDARD = "gnu++0x";
				CLANG_CXX_LIBRARY = "libc++";
				CLANG_ENABLE_MODULES = YES;
				CLANG_ENABLE_OBJC_ARC = YES;
				CLANG_WARN_BOOL_CONVERSION = YES;
				CLANG_WARN_CONSTANT_CONVERSION = YES;
				CLANG_WARN_DIRECT_OBJC_ISA_USAGE = YES_ERROR;
				CLANG_WARN_DOCUMENTATION_COMMENTS = YES;
				CLANG_WARN_EMPTY_BODY = YES;
				CLANG_WARN_ENUM_CONVERSION = YES;
				CLANG_WARN_INFINITE_RECURSION = YES;
				CLANG_WARN_INT_CONVERSION = YES;
				CLANG_WARN_OBJC_ROOT_CLASS = YES_ERROR;
				CLANG_WARN_SUSPICIOUS_MOVE = YES;
				CLANG_WARN_UNREACHABLE_CODE = YES;
				CLANG_WARN__DUPLICATE_METHOD_MATCH = YES;
				CODE_SIGN_IDENTITY = "iPhone Developer: 1516058372@qq.com (E4C9XDS988)";
				"CODE_SIGN_IDENTITY[sdk=iphoneos*]" = "iPhone Developer";
				COPY_PHASE_STRIP = NO;
				DEBUG_INFORMATION_FORMAT = dwarf;
				ENABLE_STRICT_OBJC_MSGSEND = YES;
				ENABLE_TESTABILITY = YES;
				GCC_C_LANGUAGE_STANDARD = gnu99;
				GCC_DYNAMIC_NO_PIC = NO;
				GCC_NO_COMMON_BLOCKS = YES;
				GCC_OPTIMIZATION_LEVEL = 0;
				GCC_PREPROCESSOR_DEFINITIONS = (
					"DEBUG=1",
					"$(inherited)",
				);
				GCC_WARN_64_TO_32_BIT_CONVERSION = YES;
				GCC_WARN_ABOUT_RETURN_TYPE = YES_ERROR;
				GCC_WARN_UNDECLARED_SELECTOR = YES;
				GCC_WARN_UNINITIALIZED_AUTOS = YES_AGGRESSIVE;
				GCC_WARN_UNUSED_FUNCTION = YES;
				GCC_WARN_UNUSED_VARIABLE = YES;
				IPHONEOS_DEPLOYMENT_TARGET = 10.3;
				MTL_ENABLE_DEBUG_INFO = YES;
				ONLY_ACTIVE_ARCH = YES;
				SDKROOT = iphoneos;
				TARGETED_DEVICE_FAMILY = "1,2";
			};
			name = Debug;
		};
		3A2B7AA31F21F12D009749E1 /* Release */ = {
			isa = XCBuildConfiguration;
			buildSettings = {
				ALWAYS_SEARCH_USER_PATHS = NO;
				CLANG_ANALYZER_NONNULL = YES;
				CLANG_ANALYZER_NUMBER_OBJECT_CONVERSION = YES_AGGRESSIVE;
				CLANG_CXX_LANGUAGE_STANDARD = "gnu++0x";
				CLANG_CXX_LIBRARY = "libc++";
				CLANG_ENABLE_MODULES = YES;
				CLANG_ENABLE_OBJC_ARC = YES;
				CLANG_WARN_BOOL_CONVERSION = YES;
				CLANG_WARN_CONSTANT_CONVERSION = YES;
				CLANG_WARN_DIRECT_OBJC_ISA_USAGE = YES_ERROR;
				CLANG_WARN_DOCUMENTATION_COMMENTS = YES;
				CLANG_WARN_EMPTY_BODY = YES;
				CLANG_WARN_ENUM_CONVERSION = YES;
				CLANG_WARN_INFINITE_RECURSION = YES;
				CLANG_WARN_INT_CONVERSION = YES;
				CLANG_WARN_OBJC_ROOT_CLASS = YES_ERROR;
				CLANG_WARN_SUSPICIOUS_MOVE = YES;
				CLANG_WARN_UNREACHABLE_CODE = YES;
				CLANG_WARN__DUPLICATE_METHOD_MATCH = YES;
				CODE_SIGN_IDENTITY = "iPhone Developer: 1516058372@qq.com (E4C9XDS988)";
				"CODE_SIGN_IDENTITY[sdk=iphoneos*]" = "iPhone Developer";
				COPY_PHASE_STRIP = NO;
				DEBUG_INFORMATION_FORMAT = "dwarf-with-dsym";
				ENABLE_NS_ASSERTIONS = NO;
				ENABLE_STRICT_OBJC_MSGSEND = YES;
				GCC_C_LANGUAGE_STANDARD = gnu99;
				GCC_NO_COMMON_BLOCKS = YES;
				GCC_WARN_64_TO_32_BIT_CONVERSION = YES;
				GCC_WARN_ABOUT_RETURN_TYPE = YES_ERROR;
				GCC_WARN_UNDECLARED_SELECTOR = YES;
				GCC_WARN_UNINITIALIZED_AUTOS = YES_AGGRESSIVE;
				GCC_WARN_UNUSED_FUNCTION = YES;
				GCC_WARN_UNUSED_VARIABLE = YES;
				IPHONEOS_DEPLOYMENT_TARGET = 10.3;
				MTL_ENABLE_DEBUG_INFO = NO;
				SDKROOT = iphoneos;
				TARGETED_DEVICE_FAMILY = "1,2";
				VALIDATE_PRODUCT = YES;
			};
			name = Release;
		};
		3A2B7AA51F21F12D009749E1 /* Debug */ = {
			isa = XCBuildConfiguration;
			buildSettings = {
				ASSETCATALOG_COMPILER_APPICON_NAME = AppIcon;
				DEVELOPMENT_TEAM = 7WM53H42P6;
				ENABLE_STRICT_OBJC_MSGSEND = NO;
				INFOPLIST_FILE = RunTime/Info.plist;
				LD_RUNPATH_SEARCH_PATHS = "$(inherited) @executable_path/Frameworks";
				PRODUCT_BUNDLE_IDENTIFIER = com.ming.cutMp3.RunTime;
				PRODUCT_NAME = "$(TARGET_NAME)";
			};
			name = Debug;
		};
		3A2B7AA61F21F12D009749E1 /* Release */ = {
			isa = XCBuildConfiguration;
			buildSettings = {
				ASSETCATALOG_COMPILER_APPICON_NAME = AppIcon;
				DEVELOPMENT_TEAM = 7WM53H42P6;
				ENABLE_STRICT_OBJC_MSGSEND = NO;
				INFOPLIST_FILE = RunTime/Info.plist;
				LD_RUNPATH_SEARCH_PATHS = "$(inherited) @executable_path/Frameworks";
				PRODUCT_BUNDLE_IDENTIFIER = com.ming.cutMp3.RunTime;
				PRODUCT_NAME = "$(TARGET_NAME)";
			};
			name = Release;
		};
		3A2B7AA81F21F12D009749E1 /* Debug */ = {
			isa = XCBuildConfiguration;
			buildSettings = {
				BUNDLE_LOADER = "$(TEST_HOST)";
				DEVELOPMENT_TEAM = 7WM53H42P6;
				INFOPLIST_FILE = RunTimeTests/Info.plist;
				LD_RUNPATH_SEARCH_PATHS = "$(inherited) @executable_path/Frameworks @loader_path/Frameworks";
				PRODUCT_BUNDLE_IDENTIFIER = com.ming.cutMp3.RunTimeTests;
				PRODUCT_NAME = "$(TARGET_NAME)";
				TEST_HOST = "$(BUILT_PRODUCTS_DIR)/RunTime.app/RunTime";
			};
			name = Debug;
		};
		3A2B7AA91F21F12D009749E1 /* Release */ = {
			isa = XCBuildConfiguration;
			buildSettings = {
				BUNDLE_LOADER = "$(TEST_HOST)";
				DEVELOPMENT_TEAM = 7WM53H42P6;
				INFOPLIST_FILE = RunTimeTests/Info.plist;
				LD_RUNPATH_SEARCH_PATHS = "$(inherited) @executable_path/Frameworks @loader_path/Frameworks";
				PRODUCT_BUNDLE_IDENTIFIER = com.ming.cutMp3.RunTimeTests;
				PRODUCT_NAME = "$(TARGET_NAME)";
				TEST_HOST = "$(BUILT_PRODUCTS_DIR)/RunTime.app/RunTime";
			};
			name = Release;
		};
		3A2B7AAB1F21F12D009749E1 /* Debug */ = {
			isa = XCBuildConfiguration;
			buildSettings = {
				DEVELOPMENT_TEAM = 7WM53H42P6;
				INFOPLIST_FILE = RunTimeUITests/Info.plist;
				LD_RUNPATH_SEARCH_PATHS = "$(inherited) @executable_path/Frameworks @loader_path/Frameworks";
				PRODUCT_BUNDLE_IDENTIFIER = com.ming.cutMp3.RunTimeUITests;
				PRODUCT_NAME = "$(TARGET_NAME)";
				TEST_TARGET_NAME = RunTime;
			};
			name = Debug;
		};
		3A2B7AAC1F21F12D009749E1 /* Release */ = {
			isa = XCBuildConfiguration;
			buildSettings = {
				DEVELOPMENT_TEAM = 7WM53H42P6;
				INFOPLIST_FILE = RunTimeUITests/Info.plist;
				LD_RUNPATH_SEARCH_PATHS = "$(inherited) @executable_path/Frameworks @loader_path/Frameworks";
				PRODUCT_BUNDLE_IDENTIFIER = com.ming.cutMp3.RunTimeUITests;
				PRODUCT_NAME = "$(TARGET_NAME)";
				TEST_TARGET_NAME = RunTime;
			};
			name = Release;
		};
/* End XCBuildConfiguration section */

/* Begin XCConfigurationList section */
		3A2B7A721F21F12C009749E1 /* Build configuration list for PBXProject "RunTime" */ = {
			isa = XCConfigurationList;
			buildConfigurations = (
				3A2B7AA21F21F12D009749E1 /* Debug */,
				3A2B7AA31F21F12D009749E1 /* Release */,
			);
			defaultConfigurationIsVisible = 0;
			defaultConfigurationName = Release;
		};
		3A2B7AA41F21F12D009749E1 /* Build configuration list for PBXNativeTarget "RunTime" */ = {
			isa = XCConfigurationList;
			buildConfigurations = (
				3A2B7AA51F21F12D009749E1 /* Debug */,
				3A2B7AA61F21F12D009749E1 /* Release */,
			);
			defaultConfigurationIsVisible = 0;
			defaultConfigurationName = Release;
		};
		3A2B7AA71F21F12D009749E1 /* Build configuration list for PBXNativeTarget "RunTimeTests" */ = {
			isa = XCConfigurationList;
			buildConfigurations = (
				3A2B7AA81F21F12D009749E1 /* Debug */,
				3A2B7AA91F21F12D009749E1 /* Release */,
			);
			defaultConfigurationIsVisible = 0;
			defaultConfigurationName = Release;
		};
		3A2B7AAA1F21F12D009749E1 /* Build configuration list for PBXNativeTarget "RunTimeUITests" */ = {
			isa = XCConfigurationList;
			buildConfigurations = (
				3A2B7AAB1F21F12D009749E1 /* Debug */,
				3A2B7AAC1F21F12D009749E1 /* Release */,
			);
			defaultConfigurationIsVisible = 0;
			defaultConfigurationName = Release;
		};
/* End XCConfigurationList section */
	};
	rootObject = 3A2B7A6F1F21F12C009749E1 /* Project object */;
}
